github.com/pebbe/zmq4 v1.2.10 h1:wK5G5k5FqR07sQ5xtI8SKML5d96T7sKjhEv8cR0z85k=
github.com/pebbe/zmq4 v1.2.10/go.mod h1:B2tuzAjFM4K1VqBVnx1XuLBP3+VpGsjz4eUQ7IpB0Zg=
github.com/vmihailenco/msgpack/v5 v5.4.1 h1:cQriyiUvjTwOHg8QZaPihLWeRAAVoCpE00IUPn0Bjt8=
github.com/vmihailenco/msgpack/v5 v5.4.1/go.mod h1:GaZTsDaehaPpQVyxrf5mtQlH+pc21PIudVV/E3rRQok=
github.com/vmihailenco/tagparser/v2 v2.0.0 h1:y09buUbR+b5aycVFQs/g70pqKVZNBmxwAhO7/IwNM9g=
github.com/vmihailenco/tagparser/v2 v2.0.0/go.mod h1:Wri+At7QHwGUzA2F0vDaXjJKp0dQQVOmkEWG97nRhIg=

